Microsoft Visual Studio Solution File, Format Version 12.00
# Visual Studio Version 17
VisualStudioVersion = 17.5.2.0
MinimumVisualStudioVersion = 10.0.40219.1
Project("{FAE04EC0-301F-11D3-BF4B-00C04F79EFBC}") = "Hearthbuddy_backed", "Hearthbuddy_backed.csproj", "{9849E225-6B7A-C06C-F410-4228973FAFAF}"
EndProject
Global
	GlobalSection(SolutionConfigurationPlatforms) = preSolution
		Debug|Any CPU = Debug|Any CPU
		Release|Any CPU = Release|Any CPU
	EndGlobalSection
	GlobalSection(ProjectConfigurationPlatforms) = postSolution
		{9849E225-6B7A-C06C-F410-4228973FAFAF}.Debug|Any CPU.ActiveCfg = Debug|Any CPU
		{9849E225-6B7A-C06C-F410-4228973FAFAF}.Debug|Any CPU.Build.0 = Debug|Any CPU
		{9849E225-6B7A-C06C-F410-4228973FAFAF}.Release|Any CPU.ActiveCfg = Release|Any CPU
		{9849E225-6B7A-C06C-F410-4228973FAFAF}.Release|Any CPU.Build.0 = Release|Any CPU
	EndGlobalSection
	GlobalSection(SolutionProperties) = preSolution
		HideSolutionNode = FALSE
	EndGlobalSection
	GlobalSection(ExtensibilityGlobals) = postSolution
		SolutionGuid = {ADBAAACF-127A-43DA-B9B5-7E3181D05F41}
	EndGlobalSection
EndGlobal
